
Microsoft Visual Studio Solution File, Format Version 12.00
# Visual Studio Version 17
VisualStudioVersion = 17.9.34622.214
MinimumVisualStudioVersion = 10.0.40219.1
Project("{FAE04EC0-301F-11D3-BF4B-00C04F79EFBC}") = "CodePulse.API", "CodePulse.API\CodePulse.API.csproj", "{03397D14-FBF2-491F-B360-37317FC5047E}"
EndProject
Global
	GlobalSection(SolutionConfigurationPlatforms) = preSolution
		Debug|Any CPU = Debug|Any CPU
		Release|Any CPU = Release|Any CPU
	EndGlobalSection
	GlobalSection(ProjectConfigurationPlatforms) = postSolution
		{03397D14-FBF2-491F-B360-37317FC5047E}.Debug|Any CPU.ActiveCfg = Debug|Any CPU
		{03397D14-FBF2-491F-B360-37317FC5047E}.Debug|Any CPU.Build.0 = Debug|Any CPU
		{03397D14-FBF2-491F-B360-37317FC5047E}.Release|Any CPU.ActiveCfg = Release|Any CPU
		{03397D14-FBF2-491F-B360-37317FC5047E}.Release|Any CPU.Build.0 = Release|Any CPU
	EndGlobalSection
	GlobalSection(SolutionProperties) = preSolution
		HideSolutionNode = FALSE
	EndGlobalSection
	GlobalSection(ExtensibilityGlobals) = postSolution
		SolutionGuid = {7875B62C-06B3-45C1-9C3E-2D7E463BCC63}
	EndGlobalSection
EndGlobal
